// !$*UTF8*$!
{
	archiveVersion = 1;
	classes = {
	};
	objectVersion = 46;
	objects = {

/* Begin PBXBuildFile section */
		1FBB86F01DFDEE9E004867C2 /* main.m in Sources */ = {isa = PBXBuildFile; fileRef = 1FBB86EF1DFDEE9E004867C2 /* main.m */; };
		1FBB86F31DFDEE9E004867C2 /* AppDelegate.m in Sources */ = {isa = PBXBuildFile; fileRef = 1FBB86F21DFDEE9E004867C2 /* AppDelegate.m */; };
		1FBB86FB1DFDEE9E004867C2 /* Assets.xcassets in Resources */ = {isa = PBXBuildFile; fileRef = 1FBB86FA1DFDEE9E004867C2 /* Assets.xcassets */; };
		1FBB87261DFDFD7F004867C2 /* Launch Screen.storyboard in Resources */ = {isa = PBXBuildFile; fileRef = 1FBB87241DFDFD7F004867C2 /* Launch Screen.storyboard */; };
		1FBB87271DFDFD7F004867C2 /* Main.storyboard in Resources */ = {isa = PBXBuildFile; fileRef = 1FBB87251DFDFD7F004867C2 /* Main.storyboard */; };
		1FBB87291DFDFD86004867C2 /* KMHBoardViewController_Tests.m in Sources */ = {isa = PBXBuildFile; fileRef = 1FBB87281DFDFD86004867C2 /* KMHBoardViewController_Tests.m */; };
		1FBB872E1DFE15D9004867C2 /* KMHBoardViewController.m in Sources */ = {isa = PBXBuildFile; fileRef = 1FBB872D1DFE15D9004867C2 /* KMHBoardViewController.m */; };
		818BDE4D75B02B189FA6ACF0 /* Pods_KMHWhackAMoleTests.framework in Frameworks */ = {isa = PBXBuildFile; fileRef = 086B7E20262956C1E0F99A57 /* Pods_KMHWhackAMoleTests.framework */; };
		EB70F3B51D5FEE7D1B330EB2 /* Pods_KMHWhackAMole.framework in Frameworks */ = {isa = PBXBuildFile; fileRef = 5EC36C0BF0742A920B065293 /* Pods_KMHWhackAMole.framework */; };
/* End PBXBuildFile section */

/* Begin PBXContainerItemProxy section */
		1FBB87111DFDF1D2004867C2 /* PBXContainerItemProxy */ = {
			isa = PBXContainerItemProxy;
			containerPortal = 1FBB86E31DFDEE9E004867C2 /* Project object */;
			proxyType = 1;
			remoteGlobalIDString = 1FBB86EA1DFDEE9E004867C2;
			remoteInfo = KMHWhackAMole;
		};
/* End PBXContainerItemProxy section */

/* Begin PBXFileReference section */
		086B7E20262956C1E0F99A57 /* Pods_KMHWhackAMoleTests.framework */ = {isa = PBXFileReference; explicitFileType = wrapper.framework; includeInIndex = 0; path = Pods_KMHWhackAMoleTests.framework; sourceTree = BUILT_PRODUCTS_DIR; };
		0DF55C798E689B660EB954E5 /* Pods-KMHWhackAMole.release.xcconfig */ = {isa = PBXFileReference; includeInIndex = 1; lastKnownFileType = text.xcconfig; name = "Pods-KMHWhackAMole.release.xcconfig"; path = "Pods/Target Support Files/Pods-KMHWhackAMole/Pods-KMHWhackAMole.release.xcconfig"; sourceTree = "<group>"; };
		1FBB86EB1DFDEE9E004867C2 /* KMHWhackAMole.app */ = {isa = PBXFileReference; explicitFileType = wrapper.application; includeInIndex = 0; path = KMHWhackAMole.app; sourceTree = BUILT_PRODUCTS_DIR; };
		1FBB86EF1DFDEE9E004867C2 /* main.m */ = {isa = PBXFileReference; lastKnownFileType = sourcecode.c.objc; path = main.m; sourceTree = "<group>"; };
		1FBB86F11DFDEE9E004867C2 /* AppDelegate.h */ = {isa = PBXFileReference; lastKnownFileType = sourcecode.c.h; path = AppDelegate.h; sourceTree = "<group>"; };
		1FBB86F21DFDEE9E004867C2 /* AppDelegate.m */ = {isa = PBXFileReference; lastKnownFileType = sourcecode.c.objc; path = AppDelegate.m; sourceTree = "<group>"; };
		1FBB86FA1DFDEE9E004867C2 /* Assets.xcassets */ = {isa = PBXFileReference; lastKnownFileType = folder.assetcatalog; path = Assets.xcassets; sourceTree = "<group>"; };
		1FBB86FF1DFDEE9E004867C2 /* Info.plist */ = {isa = PBXFileReference; lastKnownFileType = text.plist.xml; path = Info.plist; sourceTree = "<group>"; };
		1FBB870C1DFDF1D2004867C2 /* KMHWhackAMoleTests.xctest */ = {isa = PBXFileReference; explicitFileType = wrapper.cfbundle; includeInIndex = 0; path = KMHWhackAMoleTests.xctest; sourceTree = BUILT_PRODUCTS_DIR; };
		1FBB87101DFDF1D2004867C2 /* Info.plist */ = {isa = PBXFileReference; lastKnownFileType = text.plist.xml; path = Info.plist; sourceTree = "<group>"; };
		1FBB87241DFDFD7F004867C2 /* Launch Screen.storyboard */ = {isa = PBXFileReference; fileEncoding = 4; lastKnownFileType = file.storyboard; path = "Launch Screen.storyboard"; sourceTree = "<group>"; };
		1FBB87251DFDFD7F004867C2 /* Main.storyboard */ = {isa = PBXFileReference; fileEncoding = 4; lastKnownFileType = file.storyboard; path = Main.storyboard; sourceTree = "<group>"; };
		1FBB87281DFDFD86004867C2 /* KMHBoardViewController_Tests.m */ = {isa = PBXFileReference; fileEncoding = 4; lastKnownFileType = sourcecode.c.objc; path = KMHBoardViewController_Tests.m; sourceTree = "<group>"; };
		1FBB872C1DFE15D9004867C2 /* KMHBoardViewController.h */ = {isa = PBXFileReference; fileEncoding = 4; lastKnownFileType = sourcecode.c.h; path = KMHBoardViewController.h; sourceTree = "<group>"; };
		1FBB872D1DFE15D9004867C2 /* KMHBoardViewController.m */ = {isa = PBXFileReference; fileEncoding = 4; lastKnownFileType = sourcecode.c.objc; path = KMHBoardViewController.m; sourceTree = "<group>"; };
		1FBB87331DFE1CE5004867C2 /* BoardUI_Protocols.h */ = {isa = PBXFileReference; fileEncoding = 4; lastKnownFileType = sourcecode.c.h; path = BoardUI_Protocols.h; sourceTree = "<group>"; };
		3713362479B4A3D9416AC25D /* Pods-KMHWhackAMole.debug.xcconfig */ = {isa = PBXFileReference; includeInIndex = 1; lastKnownFileType = text.xcconfig; name = "Pods-KMHWhackAMole.debug.xcconfig"; path = "Pods/Target Support Files/Pods-KMHWhackAMole/Pods-KMHWhackAMole.debug.xcconfig"; sourceTree = "<group>"; };
		5EC36C0BF0742A920B065293 /* Pods_KMHWhackAMole.framework */ = {isa = PBXFileReference; explicitFileType = wrapper.framework; includeInIndex = 0; path = Pods_KMHWhackAMole.framework; sourceTree = BUILT_PRODUCTS_DIR; };
		B053AC6537EB4AFCC1D58902 /* Pods-KMHWhackAMoleTests.release.xcconfig */ = {isa = PBXFileReference; includeInIndex = 1; lastKnownFileType = text.xcconfig; name = "Pods-KMHWhackAMoleTests.release.xcconfig"; path = "Pods/Target Support Files/Pods-KMHWhackAMoleTests/Pods-KMHWhackAMoleTests.release.xcconfig"; sourceTree = "<group>"; };
		BF1A43818E764E13540AE7BE /* Pods-KMHWhackAMoleTests.debug.xcconfig */ = {isa = PBXFileReference; includeInIndex = 1; lastKnownFileType = text.xcconfig; name = "Pods-KMHWhackAMoleTests.debug.xcconfig"; path = "Pods/Target Support Files/Pods-KMHWhackAMoleTests/Pods-KMHWhackAMoleTests.debug.xcconfig"; sourceTree = "<group>"; };
/* End PBXFileReference section */

/* Begin PBXFrameworksBuildPhase section */
		1FBB86E81DFDEE9E004867C2 /* Frameworks */ = {
			isa = PBXFrameworksBuildPhase;
			buildActionMask = 2147483647;
			files = (
				EB70F3B51D5FEE7D1B330EB2 /* Pods_KMHWhackAMole.framework in Frameworks */,
			);
			runOnlyForDeploymentPostprocessing = 0;
		};
		1FBB87091DFDF1D2004867C2 /* Frameworks */ = {
			isa = PBXFrameworksBuildPhase;
			buildActionMask = 2147483647;
			files = (
				818BDE4D75B02B189FA6ACF0 /* Pods_KMHWhackAMoleTests.framework in Frameworks */,
			);
			runOnlyForDeploymentPostprocessing = 0;
		};
/* End PBXFrameworksBuildPhase section */

/* Begin PBXGroup section */
		1FBB86E21DFDEE9E004867C2 = {
			isa = PBXGroup;
			children = (
				1FBB86ED1DFDEE9E004867C2 /* KMHWhackAMole */,
				1FBB870D1DFDF1D2004867C2 /* KMHWhackAMoleTests */,
				1FBB86EC1DFDEE9E004867C2 /* Products */,
				CB44DF1C3345F61D3900A454 /* Pods */,
				7A247FEAAF901E910E26C547 /* Frameworks */,
			);
			sourceTree = "<group>";
		};
		1FBB86EC1DFDEE9E004867C2 /* Products */ = {
			isa = PBXGroup;
			children = (
				1FBB86EB1DFDEE9E004867C2 /* KMHWhackAMole.app */,
				1FBB870C1DFDF1D2004867C2 /* KMHWhackAMoleTests.xctest */,
			);
			name = Products;
			sourceTree = "<group>";
		};
		1FBB86ED1DFDEE9E004867C2 /* KMHWhackAMole */ = {
			isa = PBXGroup;
			children = (
				1FBB86FA1DFDEE9E004867C2 /* Assets.xcassets */,
				1FBB86F11DFDEE9E004867C2 /* AppDelegate.h */,
				1FBB86F21DFDEE9E004867C2 /* AppDelegate.m */,
				1FBB87231DFDFD6F004867C2 /* Storyboards */,
				1FBB872A1DFE156A004867C2 /* View Controllers */,
				1FBB86EE1DFDEE9E004867C2 /* Supporting Files */,
			);
			path = KMHWhackAMole;
			sourceTree = "<group>";
		};
		1FBB86EE1DFDEE9E004867C2 /* Supporting Files */ = {
			isa = PBXGroup;
			children = (
				1FBB86FF1DFDEE9E004867C2 /* Info.plist */,
				1FBB86EF1DFDEE9E004867C2 /* main.m */,
			);
			path = "Supporting Files";
			sourceTree = "<group>";
		};
		1FBB870D1DFDF1D2004867C2 /* KMHWhackAMoleTests */ = {
			isa = PBXGroup;
			children = (
				1FBB87281DFDFD86004867C2 /* KMHBoardViewController_Tests.m */,
				1FBB87101DFDF1D2004867C2 /* Info.plist */,
			);
			path = KMHWhackAMoleTests;
			sourceTree = "<group>";
		};
		1FBB87231DFDFD6F004867C2 /* Storyboards */ = {
			isa = PBXGroup;
			children = (
				1FBB87241DFDFD7F004867C2 /* Launch Screen.storyboard */,
				1FBB87251DFDFD7F004867C2 /* Main.storyboard */,
			);
			path = Storyboards;
			sourceTree = "<group>";
		};
		1FBB872A1DFE156A004867C2 /* View Controllers */ = {
			isa = PBXGroup;
			children = (
				1FBB872F1DFE16AD004867C2 /* Protocols */,
				1FBB872B1DFE1573004867C2 /* KMHBoardViewController */,
			);
			path = "View Controllers";
			sourceTree = "<group>";
		};
		1FBB872B1DFE1573004867C2 /* KMHBoardViewController */ = {
			isa = PBXGroup;
			children = (
				1FBB872C1DFE15D9004867C2 /* KMHBoardViewController.h */,
				1FBB872D1DFE15D9004867C2 /* KMHBoardViewController.m */,
			);
			path = KMHBoardViewController;
			sourceTree = "<group>";
		};
		1FBB872F1DFE16AD004867C2 /* Protocols */ = {
			isa = PBXGroup;
			children = (
				1FBB87321DFE1CC0004867C2 /* Board Protocols */,
			);
			path = Protocols;
			sourceTree = "<group>";
		};
		1FBB87321DFE1CC0004867C2 /* Board Protocols */ = {
			isa = PBXGroup;
			children = (
				1FBB87331DFE1CE5004867C2 /* BoardUI_Protocols.h */,
			);
			path = "Board Protocols";
			sourceTree = "<group>";
		};
		7A247FEAAF901E910E26C547 /* Frameworks */ = {
			isa = PBXGroup;
			children = (
				5EC36C0BF0742A920B065293 /* Pods_KMHWhackAMole.framework */,
				086B7E20262956C1E0F99A57 /* Pods_KMHWhackAMoleTests.framework */,
			);
			name = Frameworks;
			sourceTree = "<group>";
		};
		CB44DF1C3345F61D3900A454 /* Pods */ = {
			isa = PBXGroup;
			children = (
				3713362479B4A3D9416AC25D /* Pods-KMHWhackAMole.debug.xcconfig */,
				0DF55C798E689B660EB954E5 /* Pods-KMHWhackAMole.release.xcconfig */,
				BF1A43818E764E13540AE7BE /* Pods-KMHWhackAMoleTests.debug.xcconfig */,
				B053AC6537EB4AFCC1D58902 /* Pods-KMHWhackAMoleTests.release.xcconfig */,
			);
			name = Pods;
			sourceTree = "<group>";
		};
/* End PBXGroup section */

/* Begin PBXNativeTarget section */
		1FBB86EA1DFDEE9E004867C2 /* KMHWhackAMole */ = {
			isa = PBXNativeTarget;
			buildConfigurationList = 1FBB87021DFDEE9E004867C2 /* Build configuration list for PBXNativeTarget "KMHWhackAMole" */;
			buildPhases = (
				5F45AE1D0C5CD1751A799CD7 /* [CP] Check Pods Manifest.lock */,
				1FBB86E71DFDEE9E004867C2 /* Sources */,
				1FBB86E81DFDEE9E004867C2 /* Frameworks */,
				1FBB86E91DFDEE9E004867C2 /* Resources */,
				5623605CDAAFBD54B97BC153 /* [CP] Embed Pods Frameworks */,
				1C1E116B47792B6B9DCE82E9 /* [CP] Copy Pods Resources */,
			);
			buildRules = (
			);
			dependencies = (
			);
			name = KMHWhackAMole;
			productName = KMHWhackAMole;
			productReference = 1FBB86EB1DFDEE9E004867C2 /* KMHWhackAMole.app */;
			productType = "com.apple.product-type.application";
		};
		1FBB870B1DFDF1D2004867C2 /* KMHWhackAMoleTests */ = {
			isa = PBXNativeTarget;
			buildConfigurationList = 1FBB87151DFDF1D2004867C2 /* Build configuration list for PBXNativeTarget "KMHWhackAMoleTests" */;
			buildPhases = (
				147B0041A9D21A6CFE6BAAAF /* [CP] Check Pods Manifest.lock */,
				1FBB87081DFDF1D2004867C2 /* Sources */,
				1FBB87091DFDF1D2004867C2 /* Frameworks */,
				1FBB870A1DFDF1D2004867C2 /* Resources */,
				D655DA565CE3478EE875BA4F /* [CP] Embed Pods Frameworks */,
				E0C5ED295B3D5733E56160DF /* [CP] Copy Pods Resources */,
			);
			buildRules = (
			);
			dependencies = (
				1FBB87121DFDF1D2004867C2 /* PBXTargetDependency */,
			);
			name = KMHWhackAMoleTests;
			productName = KMHWhackAMoleTests;
			productReference = 1FBB870C1DFDF1D2004867C2 /* KMHWhackAMoleTests.xctest */;
			productType = "com.apple.product-type.bundle.unit-test";
		};
/* End PBXNativeTarget section */

/* Begin PBXProject section */
		1FBB86E31DFDEE9E004867C2 /* Project object */ = {
			isa = PBXProject;
			attributes = {
				LastUpgradeCheck = 0730;
				ORGANIZATIONNAME = "Ken M. Haggerty";
				TargetAttributes = {
					1FBB86EA1DFDEE9E004867C2 = {
						CreatedOnToolsVersion = 7.3;
					};
					1FBB870B1DFDF1D2004867C2 = {
						CreatedOnToolsVersion = 7.3;
						TestTargetID = 1FBB86EA1DFDEE9E004867C2;
					};
				};
			};
			buildConfigurationList = 1FBB86E61DFDEE9E004867C2 /* Build configuration list for PBXProject "KMHWhackAMole" */;
			compatibilityVersion = "Xcode 3.2";
			developmentRegion = English;
			hasScannedForEncodings = 0;
			knownRegions = (
				en,
				Base,
			);
			mainGroup = 1FBB86E21DFDEE9E004867C2;
			productRefGroup = 1FBB86EC1DFDEE9E004867C2 /* Products */;
			projectDirPath = "";
			projectRoot = "";
			targets = (
				1FBB86EA1DFDEE9E004867C2 /* KMHWhackAMole */,
				1FBB870B1DFDF1D2004867C2 /* KMHWhackAMoleTests */,
			);
		};
/* End PBXProject section */

/* Begin PBXResourcesBuildPhase section */
		1FBB86E91DFDEE9E004867C2 /* Resources */ = {
			isa = PBXResourcesBuildPhase;
			buildActionMask = 2147483647;
			files = (
				1FBB87271DFDFD7F004867C2 /* Main.storyboard in Resources */,
				1FBB87261DFDFD7F004867C2 /* Launch Screen.storyboard in Resources */,
				1FBB86FB1DFDEE9E004867C2 /* Assets.xcassets in Resources */,
			);
			runOnlyForDeploymentPostprocessing = 0;
		};
		1FBB870A1DFDF1D2004867C2 /* Resources */ = {
			isa = PBXResourcesBuildPhase;
			buildActionMask = 2147483647;
			files = (
			);
			runOnlyForDeploymentPostprocessing = 0;
		};
/* End PBXResourcesBuildPhase section */

/* Begin PBXShellScriptBuildPhase section */
		147B0041A9D21A6CFE6BAAAF /* [CP] Check Pods Manifest.lock */ = {
			isa = PBXShellScriptBuildPhase;
			buildActionMask = 2147483647;
			files = (
			);
			inputPaths = (
			);
			name = "[CP] Check Pods Manifest.lock";
			outputPaths = (
			);
			runOnlyForDeploymentPostprocessing = 0;
			shellPath = /bin/sh;
			shellScript = "diff \"${PODS_ROOT}/../Podfile.lock\" \"${PODS_ROOT}/Manifest.lock\" > /dev/null\nif [ $? != 0 ] ; then\n    # print error to STDERR\n    echo \"error: The sandbox is not in sync with the Podfile.lock. Run 'pod install' or update your CocoaPods installation.\" >&2\n    exit 1\nfi\n";
			showEnvVarsInLog = 0;
		};
		1C1E116B47792B6B9DCE82E9 /* [CP] Copy Pods Resources */ = {
			isa = PBXShellScriptBuildPhase;
			buildActionMask = 2147483647;
			files = (
			);
			inputPaths = (
			);
			name = "[CP] Copy Pods Resources";
			outputPaths = (
			);
			runOnlyForDeploymentPostprocessing = 0;
			shellPath = /bin/sh;
			shellScript = "\"${SRCROOT}/Pods/Target Support Files/Pods-KMHWhackAMole/Pods-KMHWhackAMole-resources.sh\"\n";
			showEnvVarsInLog = 0;
		};
		5623605CDAAFBD54B97BC153 /* [CP] Embed Pods Frameworks */ = {
			isa = PBXShellScriptBuildPhase;
			buildActionMask = 2147483647;
			files = (
			);
			inputPaths = (
			);
			name = "[CP] Embed Pods Frameworks";
			outputPaths = (
			);
			runOnlyForDeploymentPostprocessing = 0;
			shellPath = /bin/sh;
			shellScript = "\"${SRCROOT}/Pods/Target Support Files/Pods-KMHWhackAMole/Pods-KMHWhackAMole-frameworks.sh\"\n";
			showEnvVarsInLog = 0;
		};
		5F45AE1D0C5CD1751A799CD7 /* [CP] Check Pods Manifest.lock */ = {
			isa = PBXShellScriptBuildPhase;
			buildActionMask = 2147483647;
			files = (
			);
			inputPaths = (
			);
			name = "[CP] Check Pods Manifest.lock";
			outputPaths = (
			);
			runOnlyForDeploymentPostprocessing = 0;
			shellPath = /bin/sh;
			shellScript = "diff \"${PODS_ROOT}/../Podfile.lock\" \"${PODS_ROOT}/Manifest.lock\" > /dev/null\nif [ $? != 0 ] ; then\n    # print error to STDERR\n    echo \"error: The sandbox is not in sync with the Podfile.lock. Run 'pod install' or update your CocoaPods installation.\" >&2\n    exit 1\nfi\n";
			showEnvVarsInLog = 0;
		};
		D655DA565CE3478EE875BA4F /* [CP] Embed Pods Frameworks */ = {
			isa = PBXShellScriptBuildPhase;
			buildActionMask = 2147483647;
			files = (
			);
			inputPaths = (
			);
			name = "[CP] Embed Pods Frameworks";
			outputPaths = (
			);
			runOnlyForDeploymentPostprocessing = 0;
			shellPath = /bin/sh;
			shellScript = "\"${SRCROOT}/Pods/Target Support Files/Pods-KMHWhackAMoleTests/Pods-KMHWhackAMoleTests-frameworks.sh\"\n";
			showEnvVarsInLog = 0;
		};
		E0C5ED295B3D5733E56160DF /* [CP] Copy Pods Resources */ = {
			isa = PBXShellScriptBuildPhase;
			buildActionMask = 2147483647;
			files = (
			);
			inputPaths = (
			);
			name = "[CP] Copy Pods Resources";
			outputPaths = (
			);
			runOnlyForDeploymentPostprocessing = 0;
			shellPath = /bin/sh;
			shellScript = "\"${SRCROOT}/Pods/Target Support Files/Pods-KMHWhackAMoleTests/Pods-KMHWhackAMoleTests-resources.sh\"\n";
			showEnvVarsInLog = 0;
		};
/* End PBXShellScriptBuildPhase section */

/* Begin PBXSourcesBuildPhase section */
		1FBB86E71DFDEE9E004867C2 /* Sources */ = {
			isa = PBXSourcesBuildPhase;
			buildActionMask = 2147483647;
			files = (
				1FBB86F31DFDEE9E004867C2 /* AppDelegate.m in Sources */,
				1FBB872E1DFE15D9004867C2 /* KMHBoardViewController.m in Sources */,
				1FBB86F01DFDEE9E004867C2 /* main.m in Sources */,
			);
			runOnlyForDeploymentPostprocessing = 0;
		};
		1FBB87081DFDF1D2004867C2 /* Sources */ = {
			isa = PBXSourcesBuildPhase;
			buildActionMask = 2147483647;
			files = (
				1FBB87291DFDFD86004867C2 /* KMHBoardViewController_Tests.m in Sources */,
			);
			runOnlyForDeploymentPostprocessing = 0;
		};
/* End PBXSourcesBuildPhase section */

/* Begin PBXTargetDependency section */
		1FBB87121DFDF1D2004867C2 /* PBXTargetDependency */ = {
			isa = PBXTargetDependency;
			target = 1FBB86EA1DFDEE9E004867C2 /* KMHWhackAMole */;
			targetProxy = 1FBB87111DFDF1D2004867C2 /* PBXContainerItemProxy */;
		};
/* End PBXTargetDependency section */

/* Begin XCBuildConfiguration section */
		1FBB87001DFDEE9E004867C2 /* Debug */ = {
			isa = XCBuildConfiguration;
			buildSettings = {
				ALWAYS_SEARCH_USER_PATHS = NO;
				CLANG_ANALYZER_NONNULL = YES;
				CLANG_CXX_LANGUAGE_STANDARD = "gnu++0x";
				CLANG_CXX_LIBRARY = "libc++";
				CLANG_ENABLE_MODULES = YES;
				CLANG_ENABLE_OBJC_ARC = YES;
				CLANG_WARN_BOOL_CONVERSION = YES;
				CLANG_WARN_CONSTANT_CONVERSION = YES;
				CLANG_WARN_DIRECT_OBJC_ISA_USAGE = YES_ERROR;
				CLANG_WARN_EMPTY_BODY = YES;
				CLANG_WARN_ENUM_CONVERSION = YES;
				CLANG_WARN_INT_CONVERSION = YES;
				CLANG_WARN_OBJC_ROOT_CLASS = YES_ERROR;
				CLANG_WARN_UNREACHABLE_CODE = YES;
				CLANG_WARN__DUPLICATE_METHOD_MATCH = YES;
				"CODE_SIGN_IDENTITY[sdk=iphoneos*]" = "iPhone Developer";
				COPY_PHASE_STRIP = NO;
				DEBUG_INFORMATION_FORMAT = dwarf;
				ENABLE_STRICT_OBJC_MSGSEND = YES;
				ENABLE_TESTABILITY = YES;
				GCC_C_LANGUAGE_STANDARD = gnu99;
				GCC_DYNAMIC_NO_PIC = NO;
				GCC_NO_COMMON_BLOCKS = YES;
				GCC_OPTIMIZATION_LEVEL = 0;
				GCC_PREPROCESSOR_DEFINITIONS = (
					"DEBUG=1",
					"$(inherited)",
				);
				GCC_WARN_64_TO_32_BIT_CONVERSION = YES;
				GCC_WARN_ABOUT_RETURN_TYPE = YES_ERROR;
				GCC_WARN_UNDECLARED_SELECTOR = YES;
				GCC_WARN_UNINITIALIZED_AUTOS = YES_AGGRESSIVE;
				GCC_WARN_UNUSED_FUNCTION = YES;
				GCC_WARN_UNUSED_VARIABLE = YES;
				IPHONEOS_DEPLOYMENT_TARGET = 9.3;
				MTL_ENABLE_DEBUG_INFO = YES;
				ONLY_ACTIVE_ARCH = YES;
				SDKROOT = iphoneos;
				TARGETED_DEVICE_FAMILY = "1,2";
			};
			name = Debug;
		};
		1FBB87011DFDEE9E004867C2 /* Release */ = {
			isa = XCBuildConfiguration;
			buildSettings = {
				ALWAYS_SEARCH_USER_PATHS = NO;
				CLANG_ANALYZER_NONNULL = YES;
				CLANG_CXX_LANGUAGE_STANDARD = "gnu++0x";
				CLANG_CXX_LIBRARY = "libc++";
				CLANG_ENABLE_MODULES = YES;
				CLANG_ENABLE_OBJC_ARC = YES;
				CLANG_WARN_BOOL_CONVERSION = YES;
				CLANG_WARN_CONSTANT_CONVERSION = YES;
				CLANG_WARN_DIRECT_OBJC_ISA_USAGE = YES_ERROR;
				CLANG_WARN_EMPTY_BODY = YES;
				CLANG_WARN_ENUM_CONVERSION = YES;
				CLANG_WARN_INT_CONVERSION = YES;
				CLANG_WARN_OBJC_ROOT_CLASS = YES_ERROR;
				CLANG_WARN_UNREACHABLE_CODE = YES;
				CLANG_WARN__DUPLICATE_METHOD_MATCH = YES;
				"CODE_SIGN_IDENTITY[sdk=iphoneos*]" = "iPhone Developer";
				COPY_PHASE_STRIP = NO;
				DEBUG_INFORMATION_FORMAT = "dwarf-with-dsym";
				ENABLE_NS_ASSERTIONS = NO;
				ENABLE_STRICT_OBJC_MSGSEND = YES;
				GCC_C_LANGUAGE_STANDARD = gnu99;
				GCC_NO_COMMON_BLOCKS = YES;
				GCC_WARN_64_TO_32_BIT_CONVERSION = YES;
				GCC_WARN_ABOUT_RETURN_TYPE = YES_ERROR;
				GCC_WARN_UNDECLARED_SELECTOR = YES;
				GCC_WARN_UNINITIALIZED_AUTOS = YES_AGGRESSIVE;
				GCC_WARN_UNUSED_FUNCTION = YES;
				GCC_WARN_UNUSED_VARIABLE = YES;
				IPHONEOS_DEPLOYMENT_TARGET = 9.3;
				MTL_ENABLE_DEBUG_INFO = NO;
				SDKROOT = iphoneos;
				TARGETED_DEVICE_FAMILY = "1,2";
				VALIDATE_PRODUCT = YES;
			};
			name = Release;
		};
		1FBB87031DFDEE9E004867C2 /* Debug */ = {
			isa = XCBuildConfiguration;
			baseConfigurationReference = 3713362479B4A3D9416AC25D /* Pods-KMHWhackAMole.debug.xcconfig */;
			buildSettings = {
				ASSETCATALOG_COMPILER_APPICON_NAME = AppIcon;
				INFOPLIST_FILE = "KMHWhackAMole/Supporting Files/Info.plist";
				LD_RUNPATH_SEARCH_PATHS = "$(inherited) @executable_path/Frameworks";
				PRODUCT_BUNDLE_IDENTIFIER = com.kenmhaggerty.ios.KMHWhackAMole;
				PRODUCT_NAME = "$(TARGET_NAME)";
			};
			name = Debug;
		};
		1FBB87041DFDEE9E004867C2 /* Release */ = {
			isa = XCBuildConfiguration;
			baseConfigurationReference = 0DF55C798E689B660EB954E5 /* Pods-KMHWhackAMole.release.xcconfig */;
			buildSettings = {
				ASSETCATALOG_COMPILER_APPICON_NAME = AppIcon;
				INFOPLIST_FILE = "KMHWhackAMole/Supporting Files/Info.plist";
				LD_RUNPATH_SEARCH_PATHS = "$(inherited) @executable_path/Frameworks";
				PRODUCT_BUNDLE_IDENTIFIER = com.kenmhaggerty.ios.KMHWhackAMole;
				PRODUCT_NAME = "$(TARGET_NAME)";
			};
			name = Release;
		};
		1FBB87131DFDF1D2004867C2 /* Debug */ = {
			isa = XCBuildConfiguration;
			baseConfigurationReference = BF1A43818E764E13540AE7BE /* Pods-KMHWhackAMoleTests.debug.xcconfig */;
			buildSettings = {
				BUNDLE_LOADER = "$(TEST_HOST)";
				INFOPLIST_FILE = KMHWhackAMoleTests/Info.plist;
				LD_RUNPATH_SEARCH_PATHS = "$(inherited) @executable_path/Frameworks @loader_path/Frameworks";
				PRODUCT_BUNDLE_IDENTIFIER = com.kenmhaggerty.ios.KMHWhackAMoleTests;
				PRODUCT_NAME = "$(TARGET_NAME)";
				TEST_HOST = "$(BUILT_PRODUCTS_DIR)/KMHWhackAMole.app/KMHWhackAMole";
			};
			name = Debug;
		};
		1FBB87141DFDF1D2004867C2 /* Release */ = {
			isa = XCBuildConfiguration;
			baseConfigurationReference = B053AC6537EB4AFCC1D58902 /* Pods-KMHWhackAMoleTests.release.xcconfig */;
			buildSettings = {
				BUNDLE_LOADER = "$(TEST_HOST)";
				INFOPLIST_FILE = KMHWhackAMoleTests/Info.plist;
				LD_RUNPATH_SEARCH_PATHS = "$(inherited) @executable_path/Frameworks @loader_path/Frameworks";
				PRODUCT_BUNDLE_IDENTIFIER = com.kenmhaggerty.ios.KMHWhackAMoleTests;
				PRODUCT_NAME = "$(TARGET_NAME)";
				TEST_HOST = "$(BUILT_PRODUCTS_DIR)/KMHWhackAMole.app/KMHWhackAMole";
			};
			name = Release;
		};
/* End XCBuildConfiguration section */

/* Begin XCConfigurationList section */
		1FBB86E61DFDEE9E004867C2 /* Build configuration list for PBXProject "KMHWhackAMole" */ = {
			isa = XCConfigurationList;
			buildConfigurations = (
				1FBB87001DFDEE9E004867C2 /* Debug */,
				1FBB87011DFDEE9E004867C2 /* Release */,
			);
			defaultConfigurationIsVisible = 0;
			defaultConfigurationName = Release;
		};
		1FBB87021DFDEE9E004867C2 /* Build configuration list for PBXNativeTarget "KMHWhackAMole" */ = {
			isa = XCConfigurationList;
			buildConfigurations = (
				1FBB87031DFDEE9E004867C2 /* Debug */,
				1FBB87041DFDEE9E004867C2 /* Release */,
			);
			defaultConfigurationIsVisible = 0;
			defaultConfigurationName = Release;
		};
		1FBB87151DFDF1D2004867C2 /* Build configuration list for PBXNativeTarget "KMHWhackAMoleTests" */ = {
			isa = XCConfigurationList;
			buildConfigurations = (
				1FBB87131DFDF1D2004867C2 /* Debug */,
				1FBB87141DFDF1D2004867C2 /* Release */,
			);
			defaultConfigurationIsVisible = 0;
			defaultConfigurationName = Release;
		};
/* End XCConfigurationList section */
	};
	rootObject = 1FBB86E31DFDEE9E004867C2 /* Project object */;
}
