// !$*UTF8*$!
{
	archiveVersion = 1;
	classes = {
	};
	objectVersion = 46;
	objects = {

/* Begin PBXBuildFile section */
		1FBB86F01DFDEE9E004867C2 /* main.m in Sources */ = {isa = PBXBuildFile; fileRef = 1FBB86EF1DFDEE9E004867C2 /* main.m */; };
		1FBB86F31DFDEE9E004867C2 /* AppDelegate.m in Sources */ = {isa = PBXBuildFile; fileRef = 1FBB86F21DFDEE9E004867C2 /* AppDelegate.m */; };
		1FBB86FB1DFDEE9E004867C2 /* Assets.xcassets in Resources */ = {isa = PBXBuildFile; fileRef = 1FBB86FA1DFDEE9E004867C2 /* Assets.xcassets */; };
		1FBB87171DFDF1F3004867C2 /* KMHWhackAMoleTests.m in Sources */ = {isa = PBXBuildFile; fileRef = 1FBB87161DFDF1F3004867C2 /* KMHWhackAMoleTests.m */; };
/* End PBXBuildFile section */

/* Begin PBXContainerItemProxy section */
		1FBB87111DFDF1D2004867C2 /* PBXContainerItemProxy */ = {
			isa = PBXContainerItemProxy;
			containerPortal = 1FBB86E31DFDEE9E004867C2 /* Project object */;
			proxyType = 1;
			remoteGlobalIDString = 1FBB86EA1DFDEE9E004867C2;
			remoteInfo = KMHWhackAMole;
		};
/* End PBXContainerItemProxy section */

/* Begin PBXFileReference section */
		1FBB86EB1DFDEE9E004867C2 /* KMHWhackAMole.app */ = {isa = PBXFileReference; explicitFileType = wrapper.application; includeInIndex = 0; path = KMHWhackAMole.app; sourceTree = BUILT_PRODUCTS_DIR; };
		1FBB86EF1DFDEE9E004867C2 /* main.m */ = {isa = PBXFileReference; lastKnownFileType = sourcecode.c.objc; path = main.m; sourceTree = "<group>"; };
		1FBB86F11DFDEE9E004867C2 /* AppDelegate.h */ = {isa = PBXFileReference; lastKnownFileType = sourcecode.c.h; path = AppDelegate.h; sourceTree = "<group>"; };
		1FBB86F21DFDEE9E004867C2 /* AppDelegate.m */ = {isa = PBXFileReference; lastKnownFileType = sourcecode.c.objc; path = AppDelegate.m; sourceTree = "<group>"; };
		1FBB86FA1DFDEE9E004867C2 /* Assets.xcassets */ = {isa = PBXFileReference; lastKnownFileType = folder.assetcatalog; path = Assets.xcassets; sourceTree = "<group>"; };
		1FBB86FF1DFDEE9E004867C2 /* Info.plist */ = {isa = PBXFileReference; lastKnownFileType = text.plist.xml; path = Info.plist; sourceTree = "<group>"; };
		1FBB870C1DFDF1D2004867C2 /* KMHWhackAMoleTests.xctest */ = {isa = PBXFileReference; explicitFileType = wrapper.cfbundle; includeInIndex = 0; path = KMHWhackAMoleTests.xctest; sourceTree = BUILT_PRODUCTS_DIR; };
		1FBB87101DFDF1D2004867C2 /* Info.plist */ = {isa = PBXFileReference; lastKnownFileType = text.plist.xml; path = Info.plist; sourceTree = "<group>"; };
		1FBB87161DFDF1F3004867C2 /* KMHWhackAMoleTests.m */ = {isa = PBXFileReference; fileEncoding = 4; lastKnownFileType = sourcecode.c.objc; path = KMHWhackAMoleTests.m; sourceTree = "<group>"; };
/* End PBXFileReference section */

/* Begin PBXFrameworksBuildPhase section */
		1FBB86E81DFDEE9E004867C2 /* Frameworks */ = {
			isa = PBXFrameworksBuildPhase;
			buildActionMask = 2147483647;
			files = (
			);
			runOnlyForDeploymentPostprocessing = 0;
		};
		1FBB87091DFDF1D2004867C2 /* Frameworks */ = {
			isa = PBXFrameworksBuildPhase;
			buildActionMask = 2147483647;
			files = (
			);
			runOnlyForDeploymentPostprocessing = 0;
		};
/* End PBXFrameworksBuildPhase section */

/* Begin PBXGroup section */
		1FBB86E21DFDEE9E004867C2 = {
			isa = PBXGroup;
			children = (
				1FBB86ED1DFDEE9E004867C2 /* KMHWhackAMole */,
				1FBB870D1DFDF1D2004867C2 /* KMHWhackAMoleTests */,
				1FBB86EC1DFDEE9E004867C2 /* Products */,
			);
			sourceTree = "<group>";
		};
		1FBB86EC1DFDEE9E004867C2 /* Products */ = {
			isa = PBXGroup;
			children = (
				1FBB86EB1DFDEE9E004867C2 /* KMHWhackAMole.app */,
				1FBB870C1DFDF1D2004867C2 /* KMHWhackAMoleTests.xctest */,
			);
			name = Products;
			sourceTree = "<group>";
		};
		1FBB86ED1DFDEE9E004867C2 /* KMHWhackAMole */ = {
			isa = PBXGroup;
			children = (
				1FBB86FA1DFDEE9E004867C2 /* Assets.xcassets */,
				1FBB86F11DFDEE9E004867C2 /* AppDelegate.h */,
				1FBB86F21DFDEE9E004867C2 /* AppDelegate.m */,
				1FBB86EE1DFDEE9E004867C2 /* Supporting Files */,
			);
			path = KMHWhackAMole;
			sourceTree = "<group>";
		};
		1FBB86EE1DFDEE9E004867C2 /* Supporting Files */ = {
			isa = PBXGroup;
			children = (
				1FBB86FF1DFDEE9E004867C2 /* Info.plist */,
				1FBB86EF1DFDEE9E004867C2 /* main.m */,
			);
			path = "Supporting Files";
			sourceTree = "<group>";
		};
		1FBB870D1DFDF1D2004867C2 /* KMHWhackAMoleTests */ = {
			isa = PBXGroup;
			children = (
				1FBB87161DFDF1F3004867C2 /* KMHWhackAMoleTests.m */,
				1FBB87101DFDF1D2004867C2 /* Info.plist */,
			);
			path = KMHWhackAMoleTests;
			sourceTree = "<group>";
		};
/* End PBXGroup section */

/* Begin PBXNativeTarget section */
		1FBB86EA1DFDEE9E004867C2 /* KMHWhackAMole */ = {
			isa = PBXNativeTarget;
			buildConfigurationList = 1FBB87021DFDEE9E004867C2 /* Build configuration list for PBXNativeTarget "KMHWhackAMole" */;
			buildPhases = (
				1FBB86E71DFDEE9E004867C2 /* Sources */,
				1FBB86E81DFDEE9E004867C2 /* Frameworks */,
				1FBB86E91DFDEE9E004867C2 /* Resources */,
			);
			buildRules = (
			);
			dependencies = (
			);
			name = KMHWhackAMole;
			productName = KMHWhackAMole;
			productReference = 1FBB86EB1DFDEE9E004867C2 /* KMHWhackAMole.app */;
			productType = "com.apple.product-type.application";
		};
		1FBB870B1DFDF1D2004867C2 /* KMHWhackAMoleTests */ = {
			isa = PBXNativeTarget;
			buildConfigurationList = 1FBB87151DFDF1D2004867C2 /* Build configuration list for PBXNativeTarget "KMHWhackAMoleTests" */;
			buildPhases = (
				1FBB87081DFDF1D2004867C2 /* Sources */,
				1FBB87091DFDF1D2004867C2 /* Frameworks */,
				1FBB870A1DFDF1D2004867C2 /* Resources */,
			);
			buildRules = (
			);
			dependencies = (
				1FBB87121DFDF1D2004867C2 /* PBXTargetDependency */,
			);
			name = KMHWhackAMoleTests;
			productName = KMHWhackAMoleTests;
			productReference = 1FBB870C1DFDF1D2004867C2 /* KMHWhackAMoleTests.xctest */;
			productType = "com.apple.product-type.bundle.unit-test";
		};
/* End PBXNativeTarget section */

/* Begin PBXProject section */
		1FBB86E31DFDEE9E004867C2 /* Project object */ = {
			isa = PBXProject;
			attributes = {
				LastUpgradeCheck = 0730;
				ORGANIZATIONNAME = "Ken M. Haggerty";
				TargetAttributes = {
					1FBB86EA1DFDEE9E004867C2 = {
						CreatedOnToolsVersion = 7.3;
					};
					1FBB870B1DFDF1D2004867C2 = {
						CreatedOnToolsVersion = 7.3;
						TestTargetID = 1FBB86EA1DFDEE9E004867C2;
					};
				};
			};
			buildConfigurationList = 1FBB86E61DFDEE9E004867C2 /* Build configuration list for PBXProject "KMHWhackAMole" */;
			compatibilityVersion = "Xcode 3.2";
			developmentRegion = English;
			hasScannedForEncodings = 0;
			knownRegions = (
				en,
				Base,
			);
			mainGroup = 1FBB86E21DFDEE9E004867C2;
			productRefGroup = 1FBB86EC1DFDEE9E004867C2 /* Products */;
			projectDirPath = "";
			projectRoot = "";
			targets = (
				1FBB86EA1DFDEE9E004867C2 /* KMHWhackAMole */,
				1FBB870B1DFDF1D2004867C2 /* KMHWhackAMoleTests */,
			);
		};
/* End PBXProject section */

/* Begin PBXResourcesBuildPhase section */
		1FBB86E91DFDEE9E004867C2 /* Resources */ = {
			isa = PBXResourcesBuildPhase;
			buildActionMask = 2147483647;
			files = (
				1FBB86FB1DFDEE9E004867C2 /* Assets.xcassets in Resources */,
			);
			runOnlyForDeploymentPostprocessing = 0;
		};
		1FBB870A1DFDF1D2004867C2 /* Resources */ = {
			isa = PBXResourcesBuildPhase;
			buildActionMask = 2147483647;
			files = (
			);
			runOnlyForDeploymentPostprocessing = 0;
		};
/* End PBXResourcesBuildPhase section */

/* Begin PBXSourcesBuildPhase section */
		1FBB86E71DFDEE9E004867C2 /* Sources */ = {
			isa = PBXSourcesBuildPhase;
			buildActionMask = 2147483647;
			files = (
				1FBB86F31DFDEE9E004867C2 /* AppDelegate.m in Sources */,
				1FBB86F01DFDEE9E004867C2 /* main.m in Sources */,
			);
			runOnlyForDeploymentPostprocessing = 0;
		};
		1FBB87081DFDF1D2004867C2 /* Sources */ = {
			isa = PBXSourcesBuildPhase;
			buildActionMask = 2147483647;
			files = (
				1FBB87171DFDF1F3004867C2 /* KMHWhackAMoleTests.m in Sources */,
			);
			runOnlyForDeploymentPostprocessing = 0;
		};
/* End PBXSourcesBuildPhase section */

/* Begin PBXTargetDependency section */
		1FBB87121DFDF1D2004867C2 /* PBXTargetDependency */ = {
			isa = PBXTargetDependency;
			target = 1FBB86EA1DFDEE9E004867C2 /* KMHWhackAMole */;
			targetProxy = 1FBB87111DFDF1D2004867C2 /* PBXContainerItemProxy */;
		};
/* End PBXTargetDependency section */

/* Begin XCBuildConfiguration section */
		1FBB87001DFDEE9E004867C2 /* Debug */ = {
			isa = XCBuildConfiguration;
			buildSettings = {
				ALWAYS_SEARCH_USER_PATHS = NO;
				CLANG_ANALYZER_NONNULL = YES;
				CLANG_CXX_LANGUAGE_STANDARD = "gnu++0x";
				CLANG_CXX_LIBRARY = "libc++";
				CLANG_ENABLE_MODULES = YES;
				CLANG_ENABLE_OBJC_ARC = YES;
				CLANG_WARN_BOOL_CONVERSION = YES;
				CLANG_WARN_CONSTANT_CONVERSION = YES;
				CLANG_WARN_DIRECT_OBJC_ISA_USAGE = YES_ERROR;
				CLANG_WARN_EMPTY_BODY = YES;
				CLANG_WARN_ENUM_CONVERSION = YES;
				CLANG_WARN_INT_CONVERSION = YES;
				CLANG_WARN_OBJC_ROOT_CLASS = YES_ERROR;
				CLANG_WARN_UNREACHABLE_CODE = YES;
				CLANG_WARN__DUPLICATE_METHOD_MATCH = YES;
				"CODE_SIGN_IDENTITY[sdk=iphoneos*]" = "iPhone Developer";
				COPY_PHASE_STRIP = NO;
				DEBUG_INFORMATION_FORMAT = dwarf;
				ENABLE_STRICT_OBJC_MSGSEND = YES;
				ENABLE_TESTABILITY = YES;
				GCC_C_LANGUAGE_STANDARD = gnu99;
				GCC_DYNAMIC_NO_PIC = NO;
				GCC_NO_COMMON_BLOCKS = YES;
				GCC_OPTIMIZATION_LEVEL = 0;
				GCC_PREPROCESSOR_DEFINITIONS = (
					"DEBUG=1",
					"$(inherited)",
				);
				GCC_WARN_64_TO_32_BIT_CONVERSION = YES;
				GCC_WARN_ABOUT_RETURN_TYPE = YES_ERROR;
				GCC_WARN_UNDECLARED_SELECTOR = YES;
				GCC_WARN_UNINITIALIZED_AUTOS = YES_AGGRESSIVE;
				GCC_WARN_UNUSED_FUNCTION = YES;
				GCC_WARN_UNUSED_VARIABLE = YES;
				IPHONEOS_DEPLOYMENT_TARGET = 9.3;
				MTL_ENABLE_DEBUG_INFO = YES;
				ONLY_ACTIVE_ARCH = YES;
				SDKROOT = iphoneos;
				TARGETED_DEVICE_FAMILY = "1,2";
			};
			name = Debug;
		};
		1FBB87011DFDEE9E004867C2 /* Release */ = {
			isa = XCBuildConfiguration;
			buildSettings = {
				ALWAYS_SEARCH_USER_PATHS = NO;
				CLANG_ANALYZER_NONNULL = YES;
				CLANG_CXX_LANGUAGE_STANDARD = "gnu++0x";
				CLANG_CXX_LIBRARY = "libc++";
				CLANG_ENABLE_MODULES = YES;
				CLANG_ENABLE_OBJC_ARC = YES;
				CLANG_WARN_BOOL_CONVERSION = YES;
				CLANG_WARN_CONSTANT_CONVERSION = YES;
				CLANG_WARN_DIRECT_OBJC_ISA_USAGE = YES_ERROR;
				CLANG_WARN_EMPTY_BODY = YES;
				CLANG_WARN_ENUM_CONVERSION = YES;
				CLANG_WARN_INT_CONVERSION = YES;
				CLANG_WARN_OBJC_ROOT_CLASS = YES_ERROR;
				CLANG_WARN_UNREACHABLE_CODE = YES;
				CLANG_WARN__DUPLICATE_METHOD_MATCH = YES;
				"CODE_SIGN_IDENTITY[sdk=iphoneos*]" = "iPhone Developer";
				COPY_PHASE_STRIP = NO;
				DEBUG_INFORMATION_FORMAT = "dwarf-with-dsym";
				ENABLE_NS_ASSERTIONS = NO;
				ENABLE_STRICT_OBJC_MSGSEND = YES;
				GCC_C_LANGUAGE_STANDARD = gnu99;
				GCC_NO_COMMON_BLOCKS = YES;
				GCC_WARN_64_TO_32_BIT_CONVERSION = YES;
				GCC_WARN_ABOUT_RETURN_TYPE = YES_ERROR;
				GCC_WARN_UNDECLARED_SELECTOR = YES;
				GCC_WARN_UNINITIALIZED_AUTOS = YES_AGGRESSIVE;
				GCC_WARN_UNUSED_FUNCTION = YES;
				GCC_WARN_UNUSED_VARIABLE = YES;
				IPHONEOS_DEPLOYMENT_TARGET = 9.3;
				MTL_ENABLE_DEBUG_INFO = NO;
				SDKROOT = iphoneos;
				TARGETED_DEVICE_FAMILY = "1,2";
				VALIDATE_PRODUCT = YES;
			};
			name = Release;
		};
		1FBB87031DFDEE9E004867C2 /* Debug */ = {
			isa = XCBuildConfiguration;
			buildSettings = {
				ASSETCATALOG_COMPILER_APPICON_NAME = AppIcon;
				INFOPLIST_FILE = "KMHWhackAMole/Supporting Files/Info.plist";
				LD_RUNPATH_SEARCH_PATHS = "$(inherited) @executable_path/Frameworks";
				PRODUCT_BUNDLE_IDENTIFIER = com.kenmhaggerty.ios.KMHWhackAMole;
				PRODUCT_NAME = "$(TARGET_NAME)";
			};
			name = Debug;
		};
		1FBB87041DFDEE9E004867C2 /* Release */ = {
			isa = XCBuildConfiguration;
			buildSettings = {
				ASSETCATALOG_COMPILER_APPICON_NAME = AppIcon;
				INFOPLIST_FILE = "KMHWhackAMole/Supporting Files/Info.plist";
				LD_RUNPATH_SEARCH_PATHS = "$(inherited) @executable_path/Frameworks";
				PRODUCT_BUNDLE_IDENTIFIER = com.kenmhaggerty.ios.KMHWhackAMole;
				PRODUCT_NAME = "$(TARGET_NAME)";
			};
			name = Release;
		};
		1FBB87131DFDF1D2004867C2 /* Debug */ = {
			isa = XCBuildConfiguration;
			buildSettings = {
				BUNDLE_LOADER = "$(TEST_HOST)";
				INFOPLIST_FILE = KMHWhackAMoleTests/Info.plist;
				LD_RUNPATH_SEARCH_PATHS = "$(inherited) @executable_path/Frameworks @loader_path/Frameworks";
				PRODUCT_BUNDLE_IDENTIFIER = com.kenmhaggerty.ios.KMHWhackAMoleTests;
				PRODUCT_NAME = "$(TARGET_NAME)";
				TEST_HOST = "$(BUILT_PRODUCTS_DIR)/KMHWhackAMole.app/KMHWhackAMole";
			};
			name = Debug;
		};
		1FBB87141DFDF1D2004867C2 /* Release */ = {
			isa = XCBuildConfiguration;
			buildSettings = {
				BUNDLE_LOADER = "$(TEST_HOST)";
				INFOPLIST_FILE = KMHWhackAMoleTests/Info.plist;
				LD_RUNPATH_SEARCH_PATHS = "$(inherited) @executable_path/Frameworks @loader_path/Frameworks";
				PRODUCT_BUNDLE_IDENTIFIER = com.kenmhaggerty.ios.KMHWhackAMoleTests;
				PRODUCT_NAME = "$(TARGET_NAME)";
				TEST_HOST = "$(BUILT_PRODUCTS_DIR)/KMHWhackAMole.app/KMHWhackAMole";
			};
			name = Release;
		};
/* End XCBuildConfiguration section */

/* Begin XCConfigurationList section */
		1FBB86E61DFDEE9E004867C2 /* Build configuration list for PBXProject "KMHWhackAMole" */ = {
			isa = XCConfigurationList;
			buildConfigurations = (
				1FBB87001DFDEE9E004867C2 /* Debug */,
				1FBB87011DFDEE9E004867C2 /* Release */,
			);
			defaultConfigurationIsVisible = 0;
			defaultConfigurationName = Release;
		};
		1FBB87021DFDEE9E004867C2 /* Build configuration list for PBXNativeTarget "KMHWhackAMole" */ = {
			isa = XCConfigurationList;
			buildConfigurations = (
				1FBB87031DFDEE9E004867C2 /* Debug */,
				1FBB87041DFDEE9E004867C2 /* Release */,
			);
			defaultConfigurationIsVisible = 0;
			defaultConfigurationName = Release;
		};
		1FBB87151DFDF1D2004867C2 /* Build configuration list for PBXNativeTarget "KMHWhackAMoleTests" */ = {
			isa = XCConfigurationList;
			buildConfigurations = (
				1FBB87131DFDF1D2004867C2 /* Debug */,
				1FBB87141DFDF1D2004867C2 /* Release */,
			);
			defaultConfigurationIsVisible = 0;
		};
/* End XCConfigurationList section */
	};
	rootObject = 1FBB86E31DFDEE9E004867C2 /* Project object */;
}
